// !$*UTF8*$!
{
	archiveVersion = 1;
	classes = {
	};
	objectVersion = 50;
	objects = {

/* Begin PBXBuildFile section */
		A45372C82663AE0F0009DD2E /* ScrumdingerApp.swift in Sources */ = {isa = PBXBuildFile; fileRef = A45372C72663AE0F0009DD2E /* ScrumdingerApp.swift */; };
		A45372CA2663AE0F0009DD2E /* MeetingView.swift in Sources */ = {isa = PBXBuildFile; fileRef = A45372C92663AE0F0009DD2E /* MeetingView.swift */; };
		A45372CC2663AE100009DD2E /* Assets.xcassets in Resources */ = {isa = PBXBuildFile; fileRef = A45372CB2663AE100009DD2E /* Assets.xcassets */; };
		A45372CF2663AE100009DD2E /* Preview Assets.xcassets in Resources */ = {isa = PBXBuildFile; fileRef = A45372CE2663AE100009DD2E /* Preview Assets.xcassets */; };
		A45372DA2663AE110009DD2E /* ScrumdingerTests.swift in Sources */ = {isa = PBXBuildFile; fileRef = A45372D92663AE110009DD2E /* ScrumdingerTests.swift */; };
		A45372E52663AE110009DD2E /* ScrumdingerUITests.swift in Sources */ = {isa = PBXBuildFile; fileRef = A45372E42663AE110009DD2E /* ScrumdingerUITests.swift */; };
		A45372F52663C0700009DD2E /* DailyScrum.swift in Sources */ = {isa = PBXBuildFile; fileRef = A45372F42663C0700009DD2E /* DailyScrum.swift */; };
		A45372F72663C0AE0009DD2E /* CardView.swift in Sources */ = {isa = PBXBuildFile; fileRef = A45372F62663C0AE0009DD2E /* CardView.swift */; };
		A45372F92663C3D60009DD2E /* Color+Codable.swift in Sources */ = {isa = PBXBuildFile; fileRef = A45372F82663C3D60009DD2E /* Color+Codable.swift */; };
		A45372FB2663C40F0009DD2E /* ScrumsView.swift in Sources */ = {isa = PBXBuildFile; fileRef = A45372FA2663C40F0009DD2E /* ScrumsView.swift */; };
		A45372FD2663CE780009DD2E /* DetailView.swift in Sources */ = {isa = PBXBuildFile; fileRef = A45372FC2663CE780009DD2E /* DetailView.swift */; };
		A45372FF2663D2990009DD2E /* EditView.swift in Sources */ = {isa = PBXBuildFile; fileRef = A45372FE2663D2990009DD2E /* EditView.swift */; };
/* End PBXBuildFile section */

/* Begin PBXContainerItemProxy section */
		A45372D62663AE110009DD2E /* PBXContainerItemProxy */ = {
			isa = PBXContainerItemProxy;
			containerPortal = A45372BC2663AE0F0009DD2E /* Project object */;
			proxyType = 1;
			remoteGlobalIDString = A45372C32663AE0F0009DD2E;
			remoteInfo = Scrumdinger;
		};
		A45372E12663AE110009DD2E /* PBXContainerItemProxy */ = {
			isa = PBXContainerItemProxy;
			containerPortal = A45372BC2663AE0F0009DD2E /* Project object */;
			proxyType = 1;
			remoteGlobalIDString = A45372C32663AE0F0009DD2E;
			remoteInfo = Scrumdinger;
		};
/* End PBXContainerItemProxy section */

/* Begin PBXFileReference section */
		A45372C42663AE0F0009DD2E /* Scrumdinger.app */ = {isa = PBXFileReference; explicitFileType = wrapper.application; includeInIndex = 0; path = Scrumdinger.app; sourceTree = BUILT_PRODUCTS_DIR; };
		A45372C72663AE0F0009DD2E /* ScrumdingerApp.swift */ = {isa = PBXFileReference; lastKnownFileType = sourcecode.swift; path = ScrumdingerApp.swift; sourceTree = "<group>"; };
		A45372C92663AE0F0009DD2E /* MeetingView.swift */ = {isa = PBXFileReference; lastKnownFileType = sourcecode.swift; path = MeetingView.swift; sourceTree = "<group>"; };
		A45372CB2663AE100009DD2E /* Assets.xcassets */ = {isa = PBXFileReference; lastKnownFileType = folder.assetcatalog; path = Assets.xcassets; sourceTree = "<group>"; };
		A45372CE2663AE100009DD2E /* Preview Assets.xcassets */ = {isa = PBXFileReference; lastKnownFileType = folder.assetcatalog; path = "Preview Assets.xcassets"; sourceTree = "<group>"; };
		A45372D02663AE100009DD2E /* Info.plist */ = {isa = PBXFileReference; lastKnownFileType = text.plist.xml; path = Info.plist; sourceTree = "<group>"; };
		A45372D52663AE110009DD2E /* ScrumdingerTests.xctest */ = {isa = PBXFileReference; explicitFileType = wrapper.cfbundle; includeInIndex = 0; path = ScrumdingerTests.xctest; sourceTree = BUILT_PRODUCTS_DIR; };
		A45372D92663AE110009DD2E /* ScrumdingerTests.swift */ = {isa = PBXFileReference; lastKnownFileType = sourcecode.swift; path = ScrumdingerTests.swift; sourceTree = "<group>"; };
		A45372DB2663AE110009DD2E /* Info.plist */ = {isa = PBXFileReference; lastKnownFileType = text.plist.xml; path = Info.plist; sourceTree = "<group>"; };
		A45372E02663AE110009DD2E /* ScrumdingerUITests.xctest */ = {isa = PBXFileReference; explicitFileType = wrapper.cfbundle; includeInIndex = 0; path = ScrumdingerUITests.xctest; sourceTree = BUILT_PRODUCTS_DIR; };
		A45372E42663AE110009DD2E /* ScrumdingerUITests.swift */ = {isa = PBXFileReference; lastKnownFileType = sourcecode.swift; path = ScrumdingerUITests.swift; sourceTree = "<group>"; };
		A45372E62663AE110009DD2E /* Info.plist */ = {isa = PBXFileReference; lastKnownFileType = text.plist.xml; path = Info.plist; sourceTree = "<group>"; };
		A45372F42663C0700009DD2E /* DailyScrum.swift */ = {isa = PBXFileReference; lastKnownFileType = sourcecode.swift; name = DailyScrum.swift; path = Scrumdinger/DailyScrum.swift; sourceTree = SOURCE_ROOT; };
		A45372F62663C0AE0009DD2E /* CardView.swift */ = {isa = PBXFileReference; lastKnownFileType = sourcecode.swift; path = CardView.swift; sourceTree = "<group>"; };
		A45372F82663C3D60009DD2E /* Color+Codable.swift */ = {isa = PBXFileReference; fileEncoding = 4; lastKnownFileType = sourcecode.swift; path = "Color+Codable.swift"; sourceTree = "<group>"; };
		A45372FA2663C40F0009DD2E /* ScrumsView.swift */ = {isa = PBXFileReference; lastKnownFileType = sourcecode.swift; path = ScrumsView.swift; sourceTree = "<group>"; };
		A45372FC2663CE780009DD2E /* DetailView.swift */ = {isa = PBXFileReference; lastKnownFileType = sourcecode.swift; path = DetailView.swift; sourceTree = "<group>"; };
		A45372FE2663D2990009DD2E /* EditView.swift */ = {isa = PBXFileReference; lastKnownFileType = sourcecode.swift; path = EditView.swift; sourceTree = "<group>"; };
/* End PBXFileReference section */

/* Begin PBXFrameworksBuildPhase section */
		A45372C12663AE0F0009DD2E /* Frameworks */ = {
			isa = PBXFrameworksBuildPhase;
			buildActionMask = 2147483647;
			files = (
			);
			runOnlyForDeploymentPostprocessing = 0;
		};
		A45372D22663AE110009DD2E /* Frameworks */ = {
			isa = PBXFrameworksBuildPhase;
			buildActionMask = 2147483647;
			files = (
			);
			runOnlyForDeploymentPostprocessing = 0;
		};
		A45372DD2663AE110009DD2E /* Frameworks */ = {
			isa = PBXFrameworksBuildPhase;
			buildActionMask = 2147483647;
			files = (
			);
			runOnlyForDeploymentPostprocessing = 0;
		};
/* End PBXFrameworksBuildPhase section */

/* Begin PBXGroup section */
		A45372BB2663AE0F0009DD2E = {
			isa = PBXGroup;
			children = (
				A45372C62663AE0F0009DD2E /* Scrumdinger */,
				A45372D82663AE110009DD2E /* ScrumdingerTests */,
				A45372E32663AE110009DD2E /* ScrumdingerUITests */,
				A45372C52663AE0F0009DD2E /* Products */,
			);
			sourceTree = "<group>";
		};
		A45372C52663AE0F0009DD2E /* Products */ = {
			isa = PBXGroup;
			children = (
				A45372C42663AE0F0009DD2E /* Scrumdinger.app */,
				A45372D52663AE110009DD2E /* ScrumdingerTests.xctest */,
				A45372E02663AE110009DD2E /* ScrumdingerUITests.xctest */,
			);
			name = Products;
			sourceTree = "<group>";
		};
		A45372C62663AE0F0009DD2E /* Scrumdinger */ = {
			isa = PBXGroup;
			children = (
				A45372F32663C0520009DD2E /* Models */,
				A45372C72663AE0F0009DD2E /* ScrumdingerApp.swift */,
				A45372FE2663D2990009DD2E /* EditView.swift */,
				A45372C92663AE0F0009DD2E /* MeetingView.swift */,
				A45372F62663C0AE0009DD2E /* CardView.swift */,
				A45372FA2663C40F0009DD2E /* ScrumsView.swift */,
				A45372FC2663CE780009DD2E /* DetailView.swift */,
				A45372CB2663AE100009DD2E /* Assets.xcassets */,
				A45372D02663AE100009DD2E /* Info.plist */,
				A45372CD2663AE100009DD2E /* Preview Content */,
			);
			path = Scrumdinger;
			sourceTree = "<group>";
		};
		A45372CD2663AE100009DD2E /* Preview Content */ = {
			isa = PBXGroup;
			children = (
				A45372CE2663AE100009DD2E /* Preview Assets.xcassets */,
			);
			path = "Preview Content";
			sourceTree = "<group>";
		};
		A45372D82663AE110009DD2E /* ScrumdingerTests */ = {
			isa = PBXGroup;
			children = (
				A45372D92663AE110009DD2E /* ScrumdingerTests.swift */,
				A45372DB2663AE110009DD2E /* Info.plist */,
			);
			path = ScrumdingerTests;
			sourceTree = "<group>";
		};
		A45372E32663AE110009DD2E /* ScrumdingerUITests */ = {
			isa = PBXGroup;
			children = (
				A45372E42663AE110009DD2E /* ScrumdingerUITests.swift */,
				A45372E62663AE110009DD2E /* Info.plist */,
			);
			path = ScrumdingerUITests;
			sourceTree = "<group>";
		};
		A45372F32663C0520009DD2E /* Models */ = {
			isa = PBXGroup;
			children = (
				A45372F82663C3D60009DD2E /* Color+Codable.swift */,
				A45372F42663C0700009DD2E /* DailyScrum.swift */,
			);
			path = Models;
			sourceTree = "<group>";
		};
/* End PBXGroup section */

/* Begin PBXNativeTarget section */
		A45372C32663AE0F0009DD2E /* Scrumdinger */ = {
			isa = PBXNativeTarget;
			buildConfigurationList = A45372E92663AE110009DD2E /* Build configuration list for PBXNativeTarget "Scrumdinger" */;
			buildPhases = (
				A45372C02663AE0F0009DD2E /* Sources */,
				A45372C12663AE0F0009DD2E /* Frameworks */,
				A45372C22663AE0F0009DD2E /* Resources */,
			);
			buildRules = (
			);
			dependencies = (
			);
			name = Scrumdinger;
			productName = Scrumdinger;
			productReference = A45372C42663AE0F0009DD2E /* Scrumdinger.app */;
			productType = "com.apple.product-type.application";
		};
		A45372D42663AE110009DD2E /* ScrumdingerTests */ = {
			isa = PBXNativeTarget;
			buildConfigurationList = A45372EC2663AE110009DD2E /* Build configuration list for PBXNativeTarget "ScrumdingerTests" */;
			buildPhases = (
				A45372D12663AE110009DD2E /* Sources */,
				A45372D22663AE110009DD2E /* Frameworks */,
				A45372D32663AE110009DD2E /* Resources */,
			);
			buildRules = (
			);
			dependencies = (
				A45372D72663AE110009DD2E /* PBXTargetDependency */,
			);
			name = ScrumdingerTests;
			productName = ScrumdingerTests;
			productReference = A45372D52663AE110009DD2E /* ScrumdingerTests.xctest */;
			productType = "com.apple.product-type.bundle.unit-test";
		};
		A45372DF2663AE110009DD2E /* ScrumdingerUITests */ = {
			isa = PBXNativeTarget;
			buildConfigurationList = A45372EF2663AE110009DD2E /* Build configuration list for PBXNativeTarget "ScrumdingerUITests" */;
			buildPhases = (
				A45372DC2663AE110009DD2E /* Sources */,
				A45372DD2663AE110009DD2E /* Frameworks */,
				A45372DE2663AE110009DD2E /* Resources */,
			);
			buildRules = (
			);
			dependencies = (
				A45372E22663AE110009DD2E /* PBXTargetDependency */,
			);
			name = ScrumdingerUITests;
			productName = ScrumdingerUITests;
			productReference = A45372E02663AE110009DD2E /* ScrumdingerUITests.xctest */;
			productType = "com.apple.product-type.bundle.ui-testing";
		};
/* End PBXNativeTarget section */

/* Begin PBXProject section */
		A45372BC2663AE0F0009DD2E /* Project object */ = {
			isa = PBXProject;
			attributes = {
				LastSwiftUpdateCheck = 1250;
				LastUpgradeCheck = 1250;
				TargetAttributes = {
					A45372C32663AE0F0009DD2E = {
						CreatedOnToolsVersion = 12.5;
					};
					A45372D42663AE110009DD2E = {
						CreatedOnToolsVersion = 12.5;
						TestTargetID = A45372C32663AE0F0009DD2E;
					};
					A45372DF2663AE110009DD2E = {
						CreatedOnToolsVersion = 12.5;
						TestTargetID = A45372C32663AE0F0009DD2E;
					};
				};
			};
			buildConfigurationList = A45372BF2663AE0F0009DD2E /* Build configuration list for PBXProject "Scrumdinger" */;
			compatibilityVersion = "Xcode 9.3";
			developmentRegion = en;
			hasScannedForEncodings = 0;
			knownRegions = (
				en,
				Base,
			);
			mainGroup = A45372BB2663AE0F0009DD2E;
			productRefGroup = A45372C52663AE0F0009DD2E /* Products */;
			projectDirPath = "";
			projectRoot = "";
			targets = (
				A45372C32663AE0F0009DD2E /* Scrumdinger */,
				A45372D42663AE110009DD2E /* ScrumdingerTests */,
				A45372DF2663AE110009DD2E /* ScrumdingerUITests */,
			);
		};
/* End PBXProject section */

/* Begin PBXResourcesBuildPhase section */
		A45372C22663AE0F0009DD2E /* Resources */ = {
			isa = PBXResourcesBuildPhase;
			buildActionMask = 2147483647;
			files = (
				A45372CF2663AE100009DD2E /* Preview Assets.xcassets in Resources */,
				A45372CC2663AE100009DD2E /* Assets.xcassets in Resources */,
			);
			runOnlyForDeploymentPostprocessing = 0;
		};
		A45372D32663AE110009DD2E /* Resources */ = {
			isa = PBXResourcesBuildPhase;
			buildActionMask = 2147483647;
			files = (
			);
			runOnlyForDeploymentPostprocessing = 0;
		};
		A45372DE2663AE110009DD2E /* Resources */ = {
			isa = PBXResourcesBuildPhase;
			buildActionMask = 2147483647;
			files = (
			);
			runOnlyForDeploymentPostprocessing = 0;
		};
/* End PBXResourcesBuildPhase section */

/* Begin PBXSourcesBuildPhase section */
		A45372C02663AE0F0009DD2E /* Sources */ = {
			isa = PBXSourcesBuildPhase;
			buildActionMask = 2147483647;
			files = (
				A45372CA2663AE0F0009DD2E /* MeetingView.swift in Sources */,
				A45372FB2663C40F0009DD2E /* ScrumsView.swift in Sources */,
				A45372FF2663D2990009DD2E /* EditView.swift in Sources */,
				A45372F52663C0700009DD2E /* DailyScrum.swift in Sources */,
				A45372FD2663CE780009DD2E /* DetailView.swift in Sources */,
				A45372F72663C0AE0009DD2E /* CardView.swift in Sources */,
				A45372F92663C3D60009DD2E /* Color+Codable.swift in Sources */,
				A45372C82663AE0F0009DD2E /* ScrumdingerApp.swift in Sources */,
			);
			runOnlyForDeploymentPostprocessing = 0;
		};
		A45372D12663AE110009DD2E /* Sources */ = {
			isa = PBXSourcesBuildPhase;
			buildActionMask = 2147483647;
			files = (
				A45372DA2663AE110009DD2E /* ScrumdingerTests.swift in Sources */,
			);
			runOnlyForDeploymentPostprocessing = 0;
		};
		A45372DC2663AE110009DD2E /* Sources */ = {
			isa = PBXSourcesBuildPhase;
			buildActionMask = 2147483647;
			files = (
				A45372E52663AE110009DD2E /* ScrumdingerUITests.swift in Sources */,
			);
			runOnlyForDeploymentPostprocessing = 0;
		};
/* End PBXSourcesBuildPhase section */

/* Begin PBXTargetDependency section */
		A45372D72663AE110009DD2E /* PBXTargetDependency */ = {
			isa = PBXTargetDependency;
			target = A45372C32663AE0F0009DD2E /* Scrumdinger */;
			targetProxy = A45372D62663AE110009DD2E /* PBXContainerItemProxy */;
		};
		A45372E22663AE110009DD2E /* PBXTargetDependency */ = {
			isa = PBXTargetDependency;
			target = A45372C32663AE0F0009DD2E /* Scrumdinger */;
			targetProxy = A45372E12663AE110009DD2E /* PBXContainerItemProxy */;
		};
/* End PBXTargetDependency section */

/* Begin XCBuildConfiguration section */
		A45372E72663AE110009DD2E /* Debug */ = {
			isa = XCBuildConfiguration;
			buildSettings = {
				ALWAYS_SEARCH_USER_PATHS = NO;
				CLANG_ANALYZER_NONNULL = YES;
				CLANG_ANALYZER_NUMBER_OBJECT_CONVERSION = YES_AGGRESSIVE;
				CLANG_CXX_LANGUAGE_STANDARD = "gnu++14";
				CLANG_CXX_LIBRARY = "libc++";
				CLANG_ENABLE_MODULES = YES;
				CLANG_ENABLE_OBJC_ARC = YES;
				CLANG_ENABLE_OBJC_WEAK = YES;
				CLANG_WARN_BLOCK_CAPTURE_AUTORELEASING = YES;
				CLANG_WARN_BOOL_CONVERSION = YES;
				CLANG_WARN_COMMA = YES;
				CLANG_WARN_CONSTANT_CONVERSION = YES;
				CLANG_WARN_DEPRECATED_OBJC_IMPLEMENTATIONS = YES;
				CLANG_WARN_DIRECT_OBJC_ISA_USAGE = YES_ERROR;
				CLANG_WARN_DOCUMENTATION_COMMENTS = YES;
				CLANG_WARN_EMPTY_BODY = YES;
				CLANG_WARN_ENUM_CONVERSION = YES;
				CLANG_WARN_INFINITE_RECURSION = YES;
				CLANG_WARN_INT_CONVERSION = YES;
				CLANG_WARN_NON_LITERAL_NULL_CONVERSION = YES;
				CLANG_WARN_OBJC_IMPLICIT_RETAIN_SELF = YES;
				CLANG_WARN_OBJC_LITERAL_CONVERSION = YES;
				CLANG_WARN_OBJC_ROOT_CLASS = YES_ERROR;
				CLANG_WARN_QUOTED_INCLUDE_IN_FRAMEWORK_HEADER = YES;
				CLANG_WARN_RANGE_LOOP_ANALYSIS = YES;
				CLANG_WARN_STRICT_PROTOTYPES = YES;
				CLANG_WARN_SUSPICIOUS_MOVE = YES;
				CLANG_WARN_UNGUARDED_AVAILABILITY = YES_AGGRESSIVE;
				CLANG_WARN_UNREACHABLE_CODE = YES;
				CLANG_WARN__DUPLICATE_METHOD_MATCH = YES;
				COPY_PHASE_STRIP = NO;
				DEBUG_INFORMATION_FORMAT = dwarf;
				ENABLE_STRICT_OBJC_MSGSEND = YES;
				ENABLE_TESTABILITY = YES;
				GCC_C_LANGUAGE_STANDARD = gnu11;
				GCC_DYNAMIC_NO_PIC = NO;
				GCC_NO_COMMON_BLOCKS = YES;
				GCC_OPTIMIZATION_LEVEL = 0;
				GCC_PREPROCESSOR_DEFINITIONS = (
					"DEBUG=1",
					"$(inherited)",
				);
				GCC_WARN_64_TO_32_BIT_CONVERSION = YES;
				GCC_WARN_ABOUT_RETURN_TYPE = YES_ERROR;
				GCC_WARN_UNDECLARED_SELECTOR = YES;
				GCC_WARN_UNINITIALIZED_AUTOS = YES_AGGRESSIVE;
				GCC_WARN_UNUSED_FUNCTION = YES;
				GCC_WARN_UNUSED_VARIABLE = YES;
				IPHONEOS_DEPLOYMENT_TARGET = 14.5;
				MTL_ENABLE_DEBUG_INFO = INCLUDE_SOURCE;
				MTL_FAST_MATH = YES;
				ONLY_ACTIVE_ARCH = YES;
				SDKROOT = iphoneos;
				SWIFT_ACTIVE_COMPILATION_CONDITIONS = DEBUG;
				SWIFT_OPTIMIZATION_LEVEL = "-Onone";
			};
			name = Debug;
		};
		A45372E82663AE110009DD2E /* Release */ = {
			isa = XCBuildConfiguration;
			buildSettings = {
				ALWAYS_SEARCH_USER_PATHS = NO;
				CLANG_ANALYZER_NONNULL = YES;
				CLANG_ANALYZER_NUMBER_OBJECT_CONVERSION = YES_AGGRESSIVE;
				CLANG_CXX_LANGUAGE_STANDARD = "gnu++14";
				CLANG_CXX_LIBRARY = "libc++";
				CLANG_ENABLE_MODULES = YES;
				CLANG_ENABLE_OBJC_ARC = YES;
				CLANG_ENABLE_OBJC_WEAK = YES;
				CLANG_WARN_BLOCK_CAPTURE_AUTORELEASING = YES;
				CLANG_WARN_BOOL_CONVERSION = YES;
				CLANG_WARN_COMMA = YES;
				CLANG_WARN_CONSTANT_CONVERSION = YES;
				CLANG_WARN_DEPRECATED_OBJC_IMPLEMENTATIONS = YES;
				CLANG_WARN_DIRECT_OBJC_ISA_USAGE = YES_ERROR;
				CLANG_WARN_DOCUMENTATION_COMMENTS = YES;
				CLANG_WARN_EMPTY_BODY = YES;
				CLANG_WARN_ENUM_CONVERSION = YES;
				CLANG_WARN_INFINITE_RECURSION = YES;
				CLANG_WARN_INT_CONVERSION = YES;
				CLANG_WARN_NON_LITERAL_NULL_CONVERSION = YES;
				CLANG_WARN_OBJC_IMPLICIT_RETAIN_SELF = YES;
				CLANG_WARN_OBJC_LITERAL_CONVERSION = YES;
				CLANG_WARN_OBJC_ROOT_CLASS = YES_ERROR;
				CLANG_WARN_QUOTED_INCLUDE_IN_FRAMEWORK_HEADER = YES;
				CLANG_WARN_RANGE_LOOP_ANALYSIS = YES;
				CLANG_WARN_STRICT_PROTOTYPES = YES;
				CLANG_WARN_SUSPICIOUS_MOVE = YES;
				CLANG_WARN_UNGUARDED_AVAILABILITY = YES_AGGRESSIVE;
				CLANG_WARN_UNREACHABLE_CODE = YES;
				CLANG_WARN__DUPLICATE_METHOD_MATCH = YES;
				COPY_PHASE_STRIP = NO;
				DEBUG_INFORMATION_FORMAT = "dwarf-with-dsym";
				ENABLE_NS_ASSERTIONS = NO;
				ENABLE_STRICT_OBJC_MSGSEND = YES;
				GCC_C_LANGUAGE_STANDARD = gnu11;
				GCC_NO_COMMON_BLOCKS = YES;
				GCC_WARN_64_TO_32_BIT_CONVERSION = YES;
				GCC_WARN_ABOUT_RETURN_TYPE = YES_ERROR;
				GCC_WARN_UNDECLARED_SELECTOR = YES;
				GCC_WARN_UNINITIALIZED_AUTOS = YES_AGGRESSIVE;
				GCC_WARN_UNUSED_FUNCTION = YES;
				GCC_WARN_UNUSED_VARIABLE = YES;
				IPHONEOS_DEPLOYMENT_TARGET = 14.5;
				MTL_ENABLE_DEBUG_INFO = NO;
				MTL_FAST_MATH = YES;
				SDKROOT = iphoneos;
				SWIFT_COMPILATION_MODE = wholemodule;
				SWIFT_OPTIMIZATION_LEVEL = "-O";
				VALIDATE_PRODUCT = YES;
			};
			name = Release;
		};
		A45372EA2663AE110009DD2E /* Debug */ = {
			isa = XCBuildConfiguration;
			buildSettings = {
				ASSETCATALOG_COMPILER_APPICON_NAME = AppIcon;
				ASSETCATALOG_COMPILER_GLOBAL_ACCENT_COLOR_NAME = AccentColor;
				CODE_SIGN_STYLE = Automatic;
				DEVELOPMENT_ASSET_PATHS = "\"Scrumdinger/Preview Content\"";
				DEVELOPMENT_TEAM = 4H38C2ZDNT;
				ENABLE_PREVIEWS = YES;
				INFOPLIST_FILE = Scrumdinger/Info.plist;
				IPHONEOS_DEPLOYMENT_TARGET = 14.0;
				LD_RUNPATH_SEARCH_PATHS = (
					"$(inherited)",
					"@executable_path/Frameworks",
				);
				PRODUCT_BUNDLE_IDENTIFIER = dev.satou30.Scrumdinger;
				PRODUCT_NAME = "$(TARGET_NAME)";
				SWIFT_VERSION = 5.0;
				TARGETED_DEVICE_FAMILY = "1,2";
			};
			name = Debug;
		};
		A45372EB2663AE110009DD2E /* Release */ = {
			isa = XCBuildConfiguration;
			buildSettings = {
				ASSETCATALOG_COMPILER_APPICON_NAME = AppIcon;
				ASSETCATALOG_COMPILER_GLOBAL_ACCENT_COLOR_NAME = AccentColor;
				CODE_SIGN_STYLE = Automatic;
				DEVELOPMENT_ASSET_PATHS = "\"Scrumdinger/Preview Content\"";
				DEVELOPMENT_TEAM = 4H38C2ZDNT;
				ENABLE_PREVIEWS = YES;
				INFOPLIST_FILE = Scrumdinger/Info.plist;
				IPHONEOS_DEPLOYMENT_TARGET = 14.0;
				LD_RUNPATH_SEARCH_PATHS = (
					"$(inherited)",
					"@executable_path/Frameworks",
				);
				PRODUCT_BUNDLE_IDENTIFIER = dev.satou30.Scrumdinger;
				PRODUCT_NAME = "$(TARGET_NAME)";
				SWIFT_VERSION = 5.0;
				TARGETED_DEVICE_FAMILY = "1,2";
			};
			name = Release;
		};
		A45372ED2663AE110009DD2E /* Debug */ = {
			isa = XCBuildConfiguration;
			buildSettings = {
				ALWAYS_EMBED_SWIFT_STANDARD_LIBRARIES = YES;
				BUNDLE_LOADER = "$(TEST_HOST)";
				CODE_SIGN_STYLE = Automatic;
				DEVELOPMENT_TEAM = 4H38C2ZDNT;
				INFOPLIST_FILE = ScrumdingerTests/Info.plist;
				IPHONEOS_DEPLOYMENT_TARGET = 14.0;
				LD_RUNPATH_SEARCH_PATHS = (
					"$(inherited)",
					"@executable_path/Frameworks",
					"@loader_path/Frameworks",
				);
				PRODUCT_BUNDLE_IDENTIFIER = dev.satou30.ScrumdingerTests;
				PRODUCT_NAME = "$(TARGET_NAME)";
				SWIFT_VERSION = 5.0;
				TARGETED_DEVICE_FAMILY = "1,2";
				TEST_HOST = "$(BUILT_PRODUCTS_DIR)/Scrumdinger.app/Scrumdinger";
			};
			name = Debug;
		};
		A45372EE2663AE110009DD2E /* Release */ = {
			isa = XCBuildConfiguration;
			buildSettings = {
				ALWAYS_EMBED_SWIFT_STANDARD_LIBRARIES = YES;
				BUNDLE_LOADER = "$(TEST_HOST)";
				CODE_SIGN_STYLE = Automatic;
				DEVELOPMENT_TEAM = 4H38C2ZDNT;
				INFOPLIST_FILE = ScrumdingerTests/Info.plist;
				IPHONEOS_DEPLOYMENT_TARGET = 14.0;
				LD_RUNPATH_SEARCH_PATHS = (
					"$(inherited)",
					"@executable_path/Frameworks",
					"@loader_path/Frameworks",
				);
				PRODUCT_BUNDLE_IDENTIFIER = dev.satou30.ScrumdingerTests;
				PRODUCT_NAME = "$(TARGET_NAME)";
				SWIFT_VERSION = 5.0;
				TARGETED_DEVICE_FAMILY = "1,2";
				TEST_HOST = "$(BUILT_PRODUCTS_DIR)/Scrumdinger.app/Scrumdinger";
			};
			name = Release;
		};
		A45372F02663AE110009DD2E /* Debug */ = {
			isa = XCBuildConfiguration;
			buildSettings = {
				ALWAYS_EMBED_SWIFT_STANDARD_LIBRARIES = YES;
				CODE_SIGN_STYLE = Automatic;
				DEVELOPMENT_TEAM = 4H38C2ZDNT;
				INFOPLIST_FILE = ScrumdingerUITests/Info.plist;
				LD_RUNPATH_SEARCH_PATHS = (
					"$(inherited)",
					"@executable_path/Frameworks",
					"@loader_path/Frameworks",
				);
				PRODUCT_BUNDLE_IDENTIFIER = dev.satou30.ScrumdingerUITests;
				PRODUCT_NAME = "$(TARGET_NAME)";
				SWIFT_VERSION = 5.0;
				TARGETED_DEVICE_FAMILY = "1,2";
				TEST_TARGET_NAME = Scrumdinger;
			};
			name = Debug;
		};
		A45372F12663AE110009DD2E /* Release */ = {
			isa = XCBuildConfiguration;
			buildSettings = {
				ALWAYS_EMBED_SWIFT_STANDARD_LIBRARIES = YES;
				CODE_SIGN_STYLE = Automatic;
				DEVELOPMENT_TEAM = 4H38C2ZDNT;
				INFOPLIST_FILE = ScrumdingerUITests/Info.plist;
				LD_RUNPATH_SEARCH_PATHS = (
					"$(inherited)",
					"@executable_path/Frameworks",
					"@loader_path/Frameworks",
				);
				PRODUCT_BUNDLE_IDENTIFIER = dev.satou30.ScrumdingerUITests;
				PRODUCT_NAME = "$(TARGET_NAME)";
				SWIFT_VERSION = 5.0;
				TARGETED_DEVICE_FAMILY = "1,2";
				TEST_TARGET_NAME = Scrumdinger;
			};
			name = Release;
		};
/* End XCBuildConfiguration section */

/* Begin XCConfigurationList section */
		A45372BF2663AE0F0009DD2E /* Build configuration list for PBXProject "Scrumdinger" */ = {
			isa = XCConfigurationList;
			buildConfigurations = (
				A45372E72663AE110009DD2E /* Debug */,
				A45372E82663AE110009DD2E /* Release */,
			);
			defaultConfigurationIsVisible = 0;
			defaultConfigurationName = Release;
		};
		A45372E92663AE110009DD2E /* Build configuration list for PBXNativeTarget "Scrumdinger" */ = {
			isa = XCConfigurationList;
			buildConfigurations = (
				A45372EA2663AE110009DD2E /* Debug */,
				A45372EB2663AE110009DD2E /* Release */,
			);
			defaultConfigurationIsVisible = 0;
			defaultConfigurationName = Release;
		};
		A45372EC2663AE110009DD2E /* Build configuration list for PBXNativeTarget "ScrumdingerTests" */ = {
			isa = XCConfigurationList;
			buildConfigurations = (
				A45372ED2663AE110009DD2E /* Debug */,
				A45372EE2663AE110009DD2E /* Release */,
			);
			defaultConfigurationIsVisible = 0;
			defaultConfigurationName = Release;
		};
		A45372EF2663AE110009DD2E /* Build configuration list for PBXNativeTarget "ScrumdingerUITests" */ = {
			isa = XCConfigurationList;
			buildConfigurations = (
				A45372F02663AE110009DD2E /* Debug */,
				A45372F12663AE110009DD2E /* Release */,
			);
			defaultConfigurationIsVisible = 0;
			defaultConfigurationName = Release;
		};
/* End XCConfigurationList section */
	};
	rootObject = A45372BC2663AE0F0009DD2E /* Project object */;
}
